
Microsoft Visual Studio Solution File, Format Version 12.00
# Visual Studio Version 17
VisualStudioVersion = 17.7.34221.43
MinimumVisualStudioVersion = 10.0.40219.1
Project("{FAE04EC0-301F-11D3-BF4B-00C04F79EFBC}") = "Delievery Dashboard", "Delievery Dashboard.csproj", "{4BC8A2EF-B043-4359-99E6-76B9921BFE7D}"
EndProject
Global
	GlobalSection(SolutionConfigurationPlatforms) = preSolution
		Debug|Any CPU = Debug|Any CPU
		Release|Any CPU = Release|Any CPU
	EndGlobalSection
	GlobalSection(ProjectConfigurationPlatforms) = postSolution
		{4BC8A2EF-B043-4359-99E6-76B9921BFE7D}.Debug|Any CPU.ActiveCfg = Debug|Any CPU
		{4BC8A2EF-B043-4359-99E6-76B9921BFE7D}.Debug|Any CPU.Build.0 = Debug|Any CPU
		{4BC8A2EF-B043-4359-99E6-76B9921BFE7D}.Release|Any CPU.ActiveCfg = Release|Any CPU
		{4BC8A2EF-B043-4359-99E6-76B9921BFE7D}.Release|Any CPU.Build.0 = Release|Any CPU
	EndGlobalSection
	GlobalSection(SolutionProperties) = preSolution
		HideSolutionNode = FALSE
	EndGlobalSection
	GlobalSection(ExtensibilityGlobals) = postSolution
		SolutionGuid = {046CB41D-584C-43B4-82F1-B306ED0A89A9}
	EndGlobalSection
EndGlobal
